
Microsoft Visual Studio Solution File, Format Version 12.00
# Visual Studio 2012
Project("{FAE04EC0-301F-11D3-BF4B-00C04F79EFBC}") = "CMART5", "CMART5\CMART5.csproj", "{90579A83-3049-4B86-84CE-CCDCC1679DB3}"
EndProject
Global
	GlobalSection(SolutionConfigurationPlatforms) = preSolution
		Debug|Any CPU = Debug|Any CPU
		Release|Any CPU = Release|Any CPU
	EndGlobalSection
	GlobalSection(ProjectConfigurationPlatforms) = postSolution
		{90579A83-3049-4B86-84CE-CCDCC1679DB3}.Debug|Any CPU.ActiveCfg = Debug|Any CPU
		{90579A83-3049-4B86-84CE-CCDCC1679DB3}.Debug|Any CPU.Build.0 = Debug|Any CPU
		{90579A83-3049-4B86-84CE-CCDCC1679DB3}.Release|Any CPU.ActiveCfg = Release|Any CPU
		{90579A83-3049-4B86-84CE-CCDCC1679DB3}.Release|Any CPU.Build.0 = Release|Any CPU
	EndGlobalSection
	GlobalSection(SolutionProperties) = preSolution
		HideSolutionNode = FALSE
	EndGlobalSection
EndGlobal
